
Microsoft Visual Studio Solution File, Format Version 12.00
# Visual Studio Version 17
VisualStudioVersion = 17.13.35919.96 d17.13
MinimumVisualStudioVersion = 10.0.40219.1
Project("{FAE04EC0-301F-11D3-BF4B-00C04F79EFBC}") = "MyPlateOcrApi", "MyPlateOcrApi\MyPlateOcrApi.csproj", "{E3065B7C-EF4C-4B32-8FF5-3F79710B7B55}"
EndProject
Global
	GlobalSection(SolutionConfigurationPlatforms) = preSolution
		Debug|Any CPU = Debug|Any CPU
		Release|Any CPU = Release|Any CPU
	EndGlobalSection
	GlobalSection(ProjectConfigurationPlatforms) = postSolution
		{E3065B7C-EF4C-4B32-8FF5-3F79710B7B55}.Debug|Any CPU.ActiveCfg = Debug|Any CPU
		{E3065B7C-EF4C-4B32-8FF5-3F79710B7B55}.Debug|Any CPU.Build.0 = Debug|Any CPU
		{E3065B7C-EF4C-4B32-8FF5-3F79710B7B55}.Release|Any CPU.ActiveCfg = Release|Any CPU
		{E3065B7C-EF4C-4B32-8FF5-3F79710B7B55}.Release|Any CPU.Build.0 = Release|Any CPU
	EndGlobalSection
	GlobalSection(SolutionProperties) = preSolution
		HideSolutionNode = FALSE
	EndGlobalSection
	GlobalSection(ExtensibilityGlobals) = postSolution
		SolutionGuid = {D7112A79-0440-457B-846D-30A6623DCF12}
	EndGlobalSection
EndGlobal
